<?xml version="1.0" encoding="utf-8"?>
<Project ToolsVersion="4.0" xmlns="http://schemas.microsoft.com/developer/msbuild/2003">
  <ItemGroup>
    <Filter Include="NKCore">
      <UniqueIdentifier>{9ea064ec-44ff-419a-bc22-78f5adefc778}</UniqueIdentifier>
    </Filter>
    <Filter Include="NKCore\DataStructures">
      <UniqueIdentifier>{c8a6b9ca-9326-4503-9caf-8278cdc10b83}</UniqueIdentifier>
    </Filter>
    <Filter Include="NKEngine">
      <UniqueIdentifier>{0dd77820-a398-4b89-a556-209aa52b93cc}</UniqueIdentifier>
    </Filter>
    <Filter Include="NKLog">
      <UniqueIdentifier>{79c0e977-08cf-411a-ab42-03dcf4b18b10}</UniqueIdentifier>
    </Filter>
    <Filter Include="NKNetwork">
      <UniqueIdentifier>{ae191e23-4bae-4d6e-aa95-2fde664f982e}</UniqueIdentifier>
    </Filter>
    <Filter Include="NKScheduler">
      <UniqueIdentifier>{45f1b726-0bac-4811-8f41-7c971ecf281e}</UniqueIdentifier>
    </Filter>
  </ItemGroup>
  <ItemGroup>
    <ClInclude Include="NKCore\DataStructures\TNode.h">
      <Filter>NKCore\DataStructures</Filter>
    </ClInclude>
    <ClInclude Include="NKCore\DataStructures\TQueue.h">
      <Filter>NKCore\DataStructures</Filter>
    </ClInclude>
    <ClInclude Include="NKCore\DataStructures\TSortedList.h">
      <Filter>NKCore\DataStructures</Filter>
    </ClInclude>
    <ClInclude Include="NKCore\DataStructures\TIndexedQueue.h">
      <Filter>NKCore\DataStructures</Filter>
    </ClInclude>
    <ClInclude Include="NKCore\NKString.h">
      <Filter>NKCore</Filter>
    </ClInclude>
    <ClInclude Include="NKCore\NKThread.h">
      <Filter>NKCore</Filter>
    </ClInclude>
    <ClInclude Include="NKCore\Singleton.h">
      <Filter>NKCore</Filter>
    </ClInclude>
    <ClInclude Include="NKCore\Buffer.h">
      <Filter>NKCore</Filter>
    </ClInclude>
    <ClInclude Include="NKCore\ByteStream.h">
      <Filter>NKCore</Filter>
    </ClInclude>
    <ClInclude Include="NKCore\Guard.h">
      <Filter>NKCore</Filter>
    </ClInclude>
    <ClInclude Include="NKCore\NKClock.h">
      <Filter>NKCore</Filter>
    </ClInclude>
    <ClInclude Include="NKCore\NKMemory.h">
      <Filter>NKCore</Filter>
    </ClInclude>
    <ClInclude Include="NKCore.h">
      <Filter>NKCore</Filter>
    </ClInclude>
    <ClInclude Include="NKEngine.h">
      <Filter>NKEngine</Filter>
    </ClInclude>
    <ClInclude Include="NKCore\DataStructures\TQueueSafe.h">
      <Filter>NKCore\DataStructures</Filter>
    </ClInclude>
    <ClInclude Include="NKCore\UniqueID.h">
      <Filter>NKCore</Filter>
    </ClInclude>
    <ClInclude Include="NKLog\LogBuilder.h">
      <Filter>NKLog</Filter>
    </ClInclude>
    <ClInclude Include="NKLog\LogCategory.h">
      <Filter>NKLog</Filter>
    </ClInclude>
    <ClInclude Include="NKLog\LogDevice.h">
      <Filter>NKLog</Filter>
    </ClInclude>
    <ClInclude Include="NKLog\LogDeviceDetails.h">
      <Filter>NKLog</Filter>
    </ClInclude>
    <ClInclude Include="NKLog\LogLayout.h">
      <Filter>NKLog</Filter>
    </ClInclude>
    <ClInclude Include="NKLog\NKLogger.h">
      <Filter>NKLog</Filter>
    </ClInclude>
    <ClInclude Include="NKLog\AsyncLog.h">
      <Filter>NKLog</Filter>
    </ClInclude>
    <ClInclude Include="NKLog\Log.h">
      <Filter>NKLog</Filter>
    </ClInclude>
    <ClInclude Include="NKLog.h">
      <Filter>NKLog</Filter>
    </ClInclude>
    <ClInclude Include="NKEngineLog.h">
      <Filter>NKEngine</Filter>
    </ClInclude>
    <ClInclude Include="CrashReport.h">
      <Filter>NKEngine</Filter>
    </ClInclude>
    <ClInclude Include="NKNetwork\WinSockLib.h">
      <Filter>NKNetwork</Filter>
    </ClInclude>
    <ClInclude Include="NKNetwork\IOCPManager.h">
      <Filter>NKNetwork</Filter>
    </ClInclude>
    <ClInclude Include="NKNetwork\WorkerThread.h">
      <Filter>NKNetwork</Filter>
    </ClInclude>
    <ClInclude Include="NKNetwork\EventContext.h">
      <Filter>NKNetwork</Filter>
    </ClInclude>
    <ClInclude Include="NKNetwork\Event.h">
      <Filter>NKNetwork</Filter>
    </ClInclude>
    <ClInclude Include="NKNetwork\Protocol.h">
      <Filter>NKNetwork</Filter>
    </ClInclude>
    <ClInclude Include="NKNetwork.h">
      <Filter>NKNetwork</Filter>
    </ClInclude>
    <ClInclude Include="NKNetwork\Packet.h">
      <Filter>NKNetwork</Filter>
    </ClInclude>
    <ClInclude Include="NKNetwork\AsyncSocket.h">
      <Filter>NKNetwork</Filter>
    </ClInclude>
    <ClInclude Include="NKNetwork\AsyncServerSocket.h">
      <Filter>NKNetwork</Filter>
    </ClInclude>
    <ClInclude Include="NKNetwork\RecvStream.h">
      <Filter>NKNetwork</Filter>
    </ClInclude>
    <ClInclude Include="NKNetwork\SendStream.h">
      <Filter>NKNetwork</Filter>
    </ClInclude>
    <ClInclude Include="Configuration.h">
      <Filter>NKEngine</Filter>
    </ClInclude>
    <ClInclude Include="StringCommander.h">
      <Filter>NKEngine</Filter>
    </ClInclude>
    <ClInclude Include="ConsoleCommander.h">
      <Filter>NKEngine</Filter>
    </ClInclude>
    <ClInclude Include="NKUtils.h">
      <Filter>NKEngine</Filter>
    </ClInclude>
    <ClInclude Include="NKScheduler\EventSlot.h">
      <Filter>NKScheduler</Filter>
    </ClInclude>
    <ClInclude Include="NKScheduler.h">
      <Filter>NKScheduler</Filter>
    </ClInclude>
    <ClInclude Include="NKScheduler\RealTimeJob.h">
      <Filter>NKScheduler</Filter>
    </ClInclude>
    <ClInclude Include="NKScheduler\SerializeContainer.h">
      <Filter>NKScheduler</Filter>
    </ClInclude>
    <ClInclude Include="NKScheduler\Scheduler.h">
      <Filter>NKScheduler</Filter>
    </ClInclude>
    <ClInclude Include="NKNetwork\NetworkCallbacks.h">
      <Filter>NKNetwork</Filter>
    </ClInclude>
  </ItemGroup>
  <ItemGroup>
    <ClCompile Include="NKCore\NKString.cpp">
      <Filter>NKCore</Filter>
    </ClCompile>
    <ClCompile Include="NKCore\NKThread.cpp">
      <Filter>NKCore</Filter>
    </ClCompile>
    <ClCompile Include="NKCore\ByteStream.cpp">
      <Filter>NKCore</Filter>
    </ClCompile>
    <ClCompile Include="NKCore\Guard.cpp">
      <Filter>NKCore</Filter>
    </ClCompile>
    <ClCompile Include="NKCore\NKClock.cpp">
      <Filter>NKCore</Filter>
    </ClCompile>
    <ClCompile Include="NKCore\NKMemory.cpp">
      <Filter>NKCore</Filter>
    </ClCompile>
    <ClCompile Include="NKCore\UniqueID.cpp">
      <Filter>NKCore</Filter>
    </ClCompile>
    <ClCompile Include="NKLog\LogDevice.cpp">
      <Filter>NKLog</Filter>
    </ClCompile>
    <ClCompile Include="NKLog\LogDeviceDetails.cpp">
      <Filter>NKLog</Filter>
    </ClCompile>
    <ClCompile Include="NKLog\NKLogger.cpp">
      <Filter>NKLog</Filter>
    </ClCompile>
    <ClCompile Include="NKLog\AsyncLog.cpp">
      <Filter>NKLog</Filter>
    </ClCompile>
    <ClCompile Include="NKLog\Log.cpp">
      <Filter>NKLog</Filter>
    </ClCompile>
    <ClCompile Include="NKLog\LogBuilder.cpp">
      <Filter>NKLog</Filter>
    </ClCompile>
    <ClCompile Include="NKEngineLog.cpp">
      <Filter>NKEngine</Filter>
    </ClCompile>
    <ClCompile Include="CrashReport.cpp">
      <Filter>NKEngine</Filter>
    </ClCompile>
    <ClCompile Include="NKNetwork\WinSockLib.cpp">
      <Filter>NKNetwork</Filter>
    </ClCompile>
    <ClCompile Include="NKNetwork\IOCPManager.cpp">
      <Filter>NKNetwork</Filter>
    </ClCompile>
    <ClCompile Include="NKNetwork\WorkerThread.cpp">
      <Filter>NKNetwork</Filter>
    </ClCompile>
    <ClCompile Include="NKNetwork\EventContext.cpp">
      <Filter>NKNetwork</Filter>
    </ClCompile>
    <ClCompile Include="NKNetwork\Event.cpp">
      <Filter>NKNetwork</Filter>
    </ClCompile>
    <ClCompile Include="NKNetwork\Packet.cpp">
      <Filter>NKNetwork</Filter>
    </ClCompile>
    <ClCompile Include="NKNetwork\AsyncServerSocket.cpp">
      <Filter>NKNetwork</Filter>
    </ClCompile>
    <ClCompile Include="NKNetwork\AsyncSocket.cpp">
      <Filter>NKNetwork</Filter>
    </ClCompile>
    <ClCompile Include="NKNetwork\RecvStream.cpp">
      <Filter>NKNetwork</Filter>
    </ClCompile>
    <ClCompile Include="NKEngine.cpp">
      <Filter>NKEngine</Filter>
    </ClCompile>
    <ClCompile Include="NKNetwork\SendStream.cpp">
      <Filter>NKNetwork</Filter>
    </ClCompile>
    <ClCompile Include="Configuration.cpp">
      <Filter>NKEngine</Filter>
    </ClCompile>
    <ClCompile Include="StringCommander.cpp">
      <Filter>NKEngine</Filter>
    </ClCompile>
    <ClCompile Include="ConsoleCommander.cpp">
      <Filter>NKEngine</Filter>
    </ClCompile>
    <ClCompile Include="NKUtils.cpp">
      <Filter>NKEngine</Filter>
    </ClCompile>
    <ClCompile Include="NKScheduler\EventSlot.cpp">
      <Filter>NKScheduler</Filter>
    </ClCompile>
    <ClCompile Include="NKScheduler\RealTimeJob.cpp">
      <Filter>NKScheduler</Filter>
    </ClCompile>
    <ClCompile Include="NKScheduler\SerializeContainer.cpp">
      <Filter>NKScheduler</Filter>
    </ClCompile>
    <ClCompile Include="NKScheduler\Scheduler.cpp">
      <Filter>NKScheduler</Filter>
    </ClCompile>
  </ItemGroup>
</Project>